// !$*UTF8*$!
{
	archiveVersion = 1;
	classes = {
	};
	objectVersion = 56;
	objects = {

/* Begin PBXBuildFile section */
		DF5EAD852BB8A72B0083F8D3 /* RememberThemApp.swift in Sources */ = {isa = PBXBuildFile; fileRef = DF5EAD842BB8A72B0083F8D3 /* RememberThemApp.swift */; };
		DF5EAD872BB8A72B0083F8D3 /* ContentView.swift in Sources */ = {isa = PBXBuildFile; fileRef = DF5EAD862BB8A72B0083F8D3 /* ContentView.swift */; };
		DF5EAD892BB8A72C0083F8D3 /* Assets.xcassets in Resources */ = {isa = PBXBuildFile; fileRef = DF5EAD882BB8A72C0083F8D3 /* Assets.xcassets */; };
		DF5EAD8C2BB8A72C0083F8D3 /* Preview Assets.xcassets in Resources */ = {isa = PBXBuildFile; fileRef = DF5EAD8B2BB8A72C0083F8D3 /* Preview Assets.xcassets */; };
		DF5EAD942BB8A7680083F8D3 /* Contact.swift in Sources */ = {isa = PBXBuildFile; fileRef = DF5EAD932BB8A7680083F8D3 /* Contact.swift */; };
		DF5EAD972BB8AC7F0083F8D3 /* ImageUtilities.swift in Sources */ = {isa = PBXBuildFile; fileRef = DF5EAD962BB8AC7F0083F8D3 /* ImageUtilities.swift */; };
		DF5EAD9A2BB8B8890083F8D3 /* FileManager-DocDirectory.swift in Sources */ = {isa = PBXBuildFile; fileRef = DF5EAD992BB8B8890083F8D3 /* FileManager-DocDirectory.swift */; };
		DF5EAD9C2BB8C1240083F8D3 /* ContactsViewModel.swift in Sources */ = {isa = PBXBuildFile; fileRef = DF5EAD9B2BB8C1240083F8D3 /* ContactsViewModel.swift */; };
		DF5EAD9E2BB8C1930083F8D3 /* FileContacts.swift in Sources */ = {isa = PBXBuildFile; fileRef = DF5EAD9D2BB8C1930083F8D3 /* FileContacts.swift */; };
/* End PBXBuildFile section */

/* Begin PBXFileReference section */
		DF5EAD812BB8A72B0083F8D3 /* RememberThem.app */ = {isa = PBXFileReference; explicitFileType = wrapper.application; includeInIndex = 0; path = RememberThem.app; sourceTree = BUILT_PRODUCTS_DIR; };
		DF5EAD842BB8A72B0083F8D3 /* RememberThemApp.swift */ = {isa = PBXFileReference; lastKnownFileType = sourcecode.swift; path = RememberThemApp.swift; sourceTree = "<group>"; };
		DF5EAD862BB8A72B0083F8D3 /* ContentView.swift */ = {isa = PBXFileReference; lastKnownFileType = sourcecode.swift; path = ContentView.swift; sourceTree = "<group>"; };
		DF5EAD882BB8A72C0083F8D3 /* Assets.xcassets */ = {isa = PBXFileReference; lastKnownFileType = folder.assetcatalog; path = Assets.xcassets; sourceTree = "<group>"; };
		DF5EAD8B2BB8A72C0083F8D3 /* Preview Assets.xcassets */ = {isa = PBXFileReference; lastKnownFileType = folder.assetcatalog; path = "Preview Assets.xcassets"; sourceTree = "<group>"; };
		DF5EAD932BB8A7680083F8D3 /* Contact.swift */ = {isa = PBXFileReference; lastKnownFileType = sourcecode.swift; path = Contact.swift; sourceTree = "<group>"; };
		DF5EAD962BB8AC7F0083F8D3 /* ImageUtilities.swift */ = {isa = PBXFileReference; lastKnownFileType = sourcecode.swift; path = ImageUtilities.swift; sourceTree = "<group>"; };
		DF5EAD992BB8B8890083F8D3 /* FileManager-DocDirectory.swift */ = {isa = PBXFileReference; lastKnownFileType = sourcecode.swift; path = "FileManager-DocDirectory.swift"; sourceTree = "<group>"; };
		DF5EAD9B2BB8C1240083F8D3 /* ContactsViewModel.swift */ = {isa = PBXFileReference; lastKnownFileType = sourcecode.swift; path = ContactsViewModel.swift; sourceTree = "<group>"; };
		DF5EAD9D2BB8C1930083F8D3 /* FileContacts.swift */ = {isa = PBXFileReference; lastKnownFileType = sourcecode.swift; path = FileContacts.swift; sourceTree = "<group>"; };
/* End PBXFileReference section */

/* Begin PBXFrameworksBuildPhase section */
		DF5EAD7E2BB8A72B0083F8D3 /* Frameworks */ = {
			isa = PBXFrameworksBuildPhase;
			buildActionMask = 2147483647;
			files = (
			);
			runOnlyForDeploymentPostprocessing = 0;
		};
/* End PBXFrameworksBuildPhase section */

/* Begin PBXGroup section */
		DF5EAD782BB8A72B0083F8D3 = {
			isa = PBXGroup;
			children = (
				DF5EAD832BB8A72B0083F8D3 /* RememberThem */,
				DF5EAD822BB8A72B0083F8D3 /* Products */,
			);
			sourceTree = "<group>";
		};
		DF5EAD822BB8A72B0083F8D3 /* Products */ = {
			isa = PBXGroup;
			children = (
				DF5EAD812BB8A72B0083F8D3 /* RememberThem.app */,
			);
			name = Products;
			sourceTree = "<group>";
		};
		DF5EAD832BB8A72B0083F8D3 /* RememberThem */ = {
			isa = PBXGroup;
			children = (
				DF5EAD982BB8B8630083F8D3 /* Extension */,
				DF5EAD952BB8AC6A0083F8D3 /* Utilities */,
				DF5EAD922BB8A74F0083F8D3 /* Models */,
				DF5EAD842BB8A72B0083F8D3 /* RememberThemApp.swift */,
				DF5EAD862BB8A72B0083F8D3 /* ContentView.swift */,
				DF5EAD9B2BB8C1240083F8D3 /* ContactsViewModel.swift */,
				DF5EAD9D2BB8C1930083F8D3 /* FileContacts.swift */,
				DF5EAD882BB8A72C0083F8D3 /* Assets.xcassets */,
				DF5EAD8A2BB8A72C0083F8D3 /* Preview Content */,
			);
			path = RememberThem;
			sourceTree = "<group>";
		};
		DF5EAD8A2BB8A72C0083F8D3 /* Preview Content */ = {
			isa = PBXGroup;
			children = (
				DF5EAD8B2BB8A72C0083F8D3 /* Preview Assets.xcassets */,
			);
			path = "Preview Content";
			sourceTree = "<group>";
		};
		DF5EAD922BB8A74F0083F8D3 /* Models */ = {
			isa = PBXGroup;
			children = (
				DF5EAD932BB8A7680083F8D3 /* Contact.swift */,
			);
			path = Models;
			sourceTree = "<group>";
		};
		DF5EAD952BB8AC6A0083F8D3 /* Utilities */ = {
			isa = PBXGroup;
			children = (
				DF5EAD962BB8AC7F0083F8D3 /* ImageUtilities.swift */,
			);
			path = Utilities;
			sourceTree = "<group>";
		};
		DF5EAD982BB8B8630083F8D3 /* Extension */ = {
			isa = PBXGroup;
			children = (
				DF5EAD992BB8B8890083F8D3 /* FileManager-DocDirectory.swift */,
			);
			path = Extension;
			sourceTree = "<group>";
		};
/* End PBXGroup section */

/* Begin PBXNativeTarget section */
		DF5EAD802BB8A72B0083F8D3 /* RememberThem */ = {
			isa = PBXNativeTarget;
			buildConfigurationList = DF5EAD8F2BB8A72C0083F8D3 /* Build configuration list for PBXNativeTarget "RememberThem" */;
			buildPhases = (
				DF5EAD7D2BB8A72B0083F8D3 /* Sources */,
				DF5EAD7E2BB8A72B0083F8D3 /* Frameworks */,
				DF5EAD7F2BB8A72B0083F8D3 /* Resources */,
			);
			buildRules = (
			);
			dependencies = (
			);
			name = RememberThem;
			productName = RememberThem;
			productReference = DF5EAD812BB8A72B0083F8D3 /* RememberThem.app */;
			productType = "com.apple.product-type.application";
		};
/* End PBXNativeTarget section */

/* Begin PBXProject section */
		DF5EAD792BB8A72B0083F8D3 /* Project object */ = {
			isa = PBXProject;
			attributes = {
				BuildIndependentTargetsInParallel = 1;
				LastSwiftUpdateCheck = 1520;
				LastUpgradeCheck = 1520;
				TargetAttributes = {
					DF5EAD802BB8A72B0083F8D3 = {
						CreatedOnToolsVersion = 15.2;
					};
				};
			};
			buildConfigurationList = DF5EAD7C2BB8A72B0083F8D3 /* Build configuration list for PBXProject "RememberThem" */;
			compatibilityVersion = "Xcode 14.0";
			developmentRegion = en;
			hasScannedForEncodings = 0;
			knownRegions = (
				en,
				Base,
			);
			mainGroup = DF5EAD782BB8A72B0083F8D3;
			productRefGroup = DF5EAD822BB8A72B0083F8D3 /* Products */;
			projectDirPath = "";
			projectRoot = "";
			targets = (
				DF5EAD802BB8A72B0083F8D3 /* RememberThem */,
			);
		};
/* End PBXProject section */

/* Begin PBXResourcesBuildPhase section */
		DF5EAD7F2BB8A72B0083F8D3 /* Resources */ = {
			isa = PBXResourcesBuildPhase;
			buildActionMask = 2147483647;
			files = (
				DF5EAD8C2BB8A72C0083F8D3 /* Preview Assets.xcassets in Resources */,
				DF5EAD892BB8A72C0083F8D3 /* Assets.xcassets in Resources */,
			);
			runOnlyForDeploymentPostprocessing = 0;
		};
/* End PBXResourcesBuildPhase section */

/* Begin PBXSourcesBuildPhase section */
		DF5EAD7D2BB8A72B0083F8D3 /* Sources */ = {
			isa = PBXSourcesBuildPhase;
			buildActionMask = 2147483647;
			files = (
				DF5EAD9A2BB8B8890083F8D3 /* FileManager-DocDirectory.swift in Sources */,
				DF5EAD9E2BB8C1930083F8D3 /* FileContacts.swift in Sources */,
				DF5EAD9C2BB8C1240083F8D3 /* ContactsViewModel.swift in Sources */,
				DF5EAD942BB8A7680083F8D3 /* Contact.swift in Sources */,
				DF5EAD872BB8A72B0083F8D3 /* ContentView.swift in Sources */,
				DF5EAD852BB8A72B0083F8D3 /* RememberThemApp.swift in Sources */,
				DF5EAD972BB8AC7F0083F8D3 /* ImageUtilities.swift in Sources */,
			);
			runOnlyForDeploymentPostprocessing = 0;
		};
/* End PBXSourcesBuildPhase section */

/* Begin XCBuildConfiguration section */
		DF5EAD8D2BB8A72C0083F8D3 /* Debug */ = {
			isa = XCBuildConfiguration;
			buildSettings = {
				ALWAYS_SEARCH_USER_PATHS = NO;
				ASSETCATALOG_COMPILER_GENERATE_SWIFT_ASSET_SYMBOL_EXTENSIONS = YES;
				CLANG_ANALYZER_NONNULL = YES;
				CLANG_ANALYZER_NUMBER_OBJECT_CONVERSION = YES_AGGRESSIVE;
				CLANG_CXX_LANGUAGE_STANDARD = "gnu++20";
				CLANG_ENABLE_MODULES = YES;
				CLANG_ENABLE_OBJC_ARC = YES;
				CLANG_ENABLE_OBJC_WEAK = YES;
				CLANG_WARN_BLOCK_CAPTURE_AUTORELEASING = YES;
				CLANG_WARN_BOOL_CONVERSION = YES;
				CLANG_WARN_COMMA = YES;
				CLANG_WARN_CONSTANT_CONVERSION = YES;
				CLANG_WARN_DEPRECATED_OBJC_IMPLEMENTATIONS = YES;
				CLANG_WARN_DIRECT_OBJC_ISA_USAGE = YES_ERROR;
				CLANG_WARN_DOCUMENTATION_COMMENTS = YES;
				CLANG_WARN_EMPTY_BODY = YES;
				CLANG_WARN_ENUM_CONVERSION = YES;
				CLANG_WARN_INFINITE_RECURSION = YES;
				CLANG_WARN_INT_CONVERSION = YES;
				CLANG_WARN_NON_LITERAL_NULL_CONVERSION = YES;
				CLANG_WARN_OBJC_IMPLICIT_RETAIN_SELF = YES;
				CLANG_WARN_OBJC_LITERAL_CONVERSION = YES;
				CLANG_WARN_OBJC_ROOT_CLASS = YES_ERROR;
				CLANG_WARN_QUOTED_INCLUDE_IN_FRAMEWORK_HEADER = YES;
				CLANG_WARN_RANGE_LOOP_ANALYSIS = YES;
				CLANG_WARN_STRICT_PROTOTYPES = YES;
				CLANG_WARN_SUSPICIOUS_MOVE = YES;
				CLANG_WARN_UNGUARDED_AVAILABILITY = YES_AGGRESSIVE;
				CLANG_WARN_UNREACHABLE_CODE = YES;
				CLANG_WARN__DUPLICATE_METHOD_MATCH = YES;
				COPY_PHASE_STRIP = NO;
				DEBUG_INFORMATION_FORMAT = dwarf;
				ENABLE_STRICT_OBJC_MSGSEND = YES;
				ENABLE_TESTABILITY = YES;
				ENABLE_USER_SCRIPT_SANDBOXING = YES;
				GCC_C_LANGUAGE_STANDARD = gnu17;
				GCC_DYNAMIC_NO_PIC = NO;
				GCC_NO_COMMON_BLOCKS = YES;
				GCC_OPTIMIZATION_LEVEL = 0;
				GCC_PREPROCESSOR_DEFINITIONS = (
					"DEBUG=1",
					"$(inherited)",
				);
				GCC_WARN_64_TO_32_BIT_CONVERSION = YES;
				GCC_WARN_ABOUT_RETURN_TYPE = YES_ERROR;
				GCC_WARN_UNDECLARED_SELECTOR = YES;
				GCC_WARN_UNINITIALIZED_AUTOS = YES_AGGRESSIVE;
				GCC_WARN_UNUSED_FUNCTION = YES;
				GCC_WARN_UNUSED_VARIABLE = YES;
				IPHONEOS_DEPLOYMENT_TARGET = 17.2;
				LOCALIZATION_PREFERS_STRING_CATALOGS = YES;
				MTL_ENABLE_DEBUG_INFO = INCLUDE_SOURCE;
				MTL_FAST_MATH = YES;
				ONLY_ACTIVE_ARCH = YES;
				SDKROOT = iphoneos;
				SWIFT_ACTIVE_COMPILATION_CONDITIONS = "DEBUG $(inherited)";
				SWIFT_OPTIMIZATION_LEVEL = "-Onone";
			};
			name = Debug;
		};
		DF5EAD8E2BB8A72C0083F8D3 /* Release */ = {
			isa = XCBuildConfiguration;
			buildSettings = {
				ALWAYS_SEARCH_USER_PATHS = NO;
				ASSETCATALOG_COMPILER_GENERATE_SWIFT_ASSET_SYMBOL_EXTENSIONS = YES;
				CLANG_ANALYZER_NONNULL = YES;
				CLANG_ANALYZER_NUMBER_OBJECT_CONVERSION = YES_AGGRESSIVE;
				CLANG_CXX_LANGUAGE_STANDARD = "gnu++20";
				CLANG_ENABLE_MODULES = YES;
				CLANG_ENABLE_OBJC_ARC = YES;
				CLANG_ENABLE_OBJC_WEAK = YES;
				CLANG_WARN_BLOCK_CAPTURE_AUTORELEASING = YES;
				CLANG_WARN_BOOL_CONVERSION = YES;
				CLANG_WARN_COMMA = YES;
				CLANG_WARN_CONSTANT_CONVERSION = YES;
				CLANG_WARN_DEPRECATED_OBJC_IMPLEMENTATIONS = YES;
				CLANG_WARN_DIRECT_OBJC_ISA_USAGE = YES_ERROR;
				CLANG_WARN_DOCUMENTATION_COMMENTS = YES;
				CLANG_WARN_EMPTY_BODY = YES;
				CLANG_WARN_ENUM_CONVERSION = YES;
				CLANG_WARN_INFINITE_RECURSION = YES;
				CLANG_WARN_INT_CONVERSION = YES;
				CLANG_WARN_NON_LITERAL_NULL_CONVERSION = YES;
				CLANG_WARN_OBJC_IMPLICIT_RETAIN_SELF = YES;
				CLANG_WARN_OBJC_LITERAL_CONVERSION = YES;
				CLANG_WARN_OBJC_ROOT_CLASS = YES_ERROR;
				CLANG_WARN_QUOTED_INCLUDE_IN_FRAMEWORK_HEADER = YES;
				CLANG_WARN_RANGE_LOOP_ANALYSIS = YES;
				CLANG_WARN_STRICT_PROTOTYPES = YES;
				CLANG_WARN_SUSPICIOUS_MOVE = YES;
				CLANG_WARN_UNGUARDED_AVAILABILITY = YES_AGGRESSIVE;
				CLANG_WARN_UNREACHABLE_CODE = YES;
				CLANG_WARN__DUPLICATE_METHOD_MATCH = YES;
				COPY_PHASE_STRIP = NO;
				DEBUG_INFORMATION_FORMAT = "dwarf-with-dsym";
				ENABLE_NS_ASSERTIONS = NO;
				ENABLE_STRICT_OBJC_MSGSEND = YES;
				ENABLE_USER_SCRIPT_SANDBOXING = YES;
				GCC_C_LANGUAGE_STANDARD = gnu17;
				GCC_NO_COMMON_BLOCKS = YES;
				GCC_WARN_64_TO_32_BIT_CONVERSION = YES;
				GCC_WARN_ABOUT_RETURN_TYPE = YES_ERROR;
				GCC_WARN_UNDECLARED_SELECTOR = YES;
				GCC_WARN_UNINITIALIZED_AUTOS = YES_AGGRESSIVE;
				GCC_WARN_UNUSED_FUNCTION = YES;
				GCC_WARN_UNUSED_VARIABLE = YES;
				IPHONEOS_DEPLOYMENT_TARGET = 17.2;
				LOCALIZATION_PREFERS_STRING_CATALOGS = YES;
				MTL_ENABLE_DEBUG_INFO = NO;
				MTL_FAST_MATH = YES;
				SDKROOT = iphoneos;
				SWIFT_COMPILATION_MODE = wholemodule;
				VALIDATE_PRODUCT = YES;
			};
			name = Release;
		};
		DF5EAD902BB8A72C0083F8D3 /* Debug */ = {
			isa = XCBuildConfiguration;
			buildSettings = {
				ASSETCATALOG_COMPILER_APPICON_NAME = AppIcon;
				ASSETCATALOG_COMPILER_GLOBAL_ACCENT_COLOR_NAME = AccentColor;
				CODE_SIGN_STYLE = Automatic;
				CURRENT_PROJECT_VERSION = 1;
				DEVELOPMENT_ASSET_PATHS = "\"RememberThem/Preview Content\"";
				ENABLE_PREVIEWS = YES;
				GENERATE_INFOPLIST_FILE = YES;
				INFOPLIST_KEY_UIApplicationSceneManifest_Generation = YES;
				INFOPLIST_KEY_UIApplicationSupportsIndirectInputEvents = YES;
				INFOPLIST_KEY_UILaunchScreen_Generation = YES;
				INFOPLIST_KEY_UISupportedInterfaceOrientations_iPad = "UIInterfaceOrientationPortrait UIInterfaceOrientationPortraitUpsideDown UIInterfaceOrientationLandscapeLeft UIInterfaceOrientationLandscapeRight";
				INFOPLIST_KEY_UISupportedInterfaceOrientations_iPhone = "UIInterfaceOrientationPortrait UIInterfaceOrientationLandscapeLeft UIInterfaceOrientationLandscapeRight";
				LD_RUNPATH_SEARCH_PATHS = (
					"$(inherited)",
					"@executable_path/Frameworks",
				);
				MARKETING_VERSION = 1.0;
				PRODUCT_BUNDLE_IDENTIFIER = me.ozmus.enes.RememberThem;
				PRODUCT_NAME = "$(TARGET_NAME)";
				SWIFT_EMIT_LOC_STRINGS = YES;
				SWIFT_VERSION = 5.0;
				TARGETED_DEVICE_FAMILY = "1,2";
			};
			name = Debug;
		};
		DF5EAD912BB8A72C0083F8D3 /* Release */ = {
			isa = XCBuildConfiguration;
			buildSettings = {
				ASSETCATALOG_COMPILER_APPICON_NAME = AppIcon;
				ASSETCATALOG_COMPILER_GLOBAL_ACCENT_COLOR_NAME = AccentColor;
				CODE_SIGN_STYLE = Automatic;
				CURRENT_PROJECT_VERSION = 1;
				DEVELOPMENT_ASSET_PATHS = "\"RememberThem/Preview Content\"";
				ENABLE_PREVIEWS = YES;
				GENERATE_INFOPLIST_FILE = YES;
				INFOPLIST_KEY_UIApplicationSceneManifest_Generation = YES;
				INFOPLIST_KEY_UIApplicationSupportsIndirectInputEvents = YES;
				INFOPLIST_KEY_UILaunchScreen_Generation = YES;
				INFOPLIST_KEY_UISupportedInterfaceOrientations_iPad = "UIInterfaceOrientationPortrait UIInterfaceOrientationPortraitUpsideDown UIInterfaceOrientationLandscapeLeft UIInterfaceOrientationLandscapeRight";
				INFOPLIST_KEY_UISupportedInterfaceOrientations_iPhone = "UIInterfaceOrientationPortrait UIInterfaceOrientationLandscapeLeft UIInterfaceOrientationLandscapeRight";
				LD_RUNPATH_SEARCH_PATHS = (
					"$(inherited)",
					"@executable_path/Frameworks",
				);
				MARKETING_VERSION = 1.0;
				PRODUCT_BUNDLE_IDENTIFIER = me.ozmus.enes.RememberThem;
				PRODUCT_NAME = "$(TARGET_NAME)";
				SWIFT_EMIT_LOC_STRINGS = YES;
				SWIFT_VERSION = 5.0;
				TARGETED_DEVICE_FAMILY = "1,2";
			};
			name = Release;
		};
/* End XCBuildConfiguration section */

/* Begin XCConfigurationList section */
		DF5EAD7C2BB8A72B0083F8D3 /* Build configuration list for PBXProject "RememberThem" */ = {
			isa = XCConfigurationList;
			buildConfigurations = (
				DF5EAD8D2BB8A72C0083F8D3 /* Debug */,
				DF5EAD8E2BB8A72C0083F8D3 /* Release */,
			);
			defaultConfigurationIsVisible = 0;
			defaultConfigurationName = Release;
		};
		DF5EAD8F2BB8A72C0083F8D3 /* Build configuration list for PBXNativeTarget "RememberThem" */ = {
			isa = XCConfigurationList;
			buildConfigurations = (
				DF5EAD902BB8A72C0083F8D3 /* Debug */,
				DF5EAD912BB8A72C0083F8D3 /* Release */,
			);
			defaultConfigurationIsVisible = 0;
			defaultConfigurationName = Release;
		};
/* End XCConfigurationList section */
	};
	rootObject = DF5EAD792BB8A72B0083F8D3 /* Project object */;
}
